<?xml version="1.0" encoding="utf-8"?>
<Project ToolsVersion="4.0" xmlns="http://schemas.microsoft.com/developer/msbuild/2003">
  <ItemGroup>
    <Filter Include="Source Files">
      <UniqueIdentifier>{4FC737F1-C7A5-4376-A066-2A32D752A2FF}</UniqueIdentifier>
      <Extensions>cpp;c;cc;cxx;def;odl;idl;hpj;bat;asm;asmx</Extensions>
    </Filter>
    <Filter Include="Header Files">
      <UniqueIdentifier>{93995380-89BD-4b04-88EB-625FBE52EBFB}</UniqueIdentifier>
      <Extensions>h;hh;hpp;hxx;hm;inl;inc;ipp;xsd</Extensions>
    </Filter>
    <Filter Include="Resource Files">
      <UniqueIdentifier>{67DA6AB6-F800-4c08-8B7A-83BB121AAD01}</UniqueIdentifier>
      <Extensions>rc;ico;cur;bmp;dlg;rc2;rct;bin;rgs;gif;jpg;jpeg;jpe;resx;tiff;tif;png;wav;mfcribbon-ms</Extensions>
    </Filter>
    <Filter Include="Source Files\Main">
      <UniqueIdentifier>{00528393-40db-4ac1-ab51-fbbfe14e698b}</UniqueIdentifier>
    </Filter>
    <Filter Include="Header Files\Main">
      <UniqueIdentifier>{44d2ad23-ae53-4e02-a13a-2c7304b8e90f}</UniqueIdentifier>
    </Filter>
    <Filter Include="Source Files\States">
      <UniqueIdentifier>{5e9f14d7-a1f4-4017-affc-b2130a4c17db}</UniqueIdentifier>
    </Filter>
    <Filter Include="Header Files\States">
      <UniqueIdentifier>{5415d7f1-5170-415b-a57a-d6e7f659218c}</UniqueIdentifier>
    </Filter>
    <Filter Include="Source Files\Graphics">
      <UniqueIdentifier>{591154fe-d2a7-4c8b-ad66-291faa2256dd}</UniqueIdentifier>
    </Filter>
    <Filter Include="Header Files\Graphics">
      <UniqueIdentifier>{be9c53f8-3497-427c-be43-fe1bdcb696a8}</UniqueIdentifier>
    </Filter>
    <Filter Include="Source Files\Input">
      <UniqueIdentifier>{9cf90cb2-94eb-4ebb-9da1-23b8ed38cd95}</UniqueIdentifier>
    </Filter>
    <Filter Include="Header Files\Input">
      <UniqueIdentifier>{838b766a-7088-4dee-aab0-71c61ff93f02}</UniqueIdentifier>
    </Filter>
    <Filter Include="Source Files\Tiles">
      <UniqueIdentifier>{851f1a2b-f751-4382-baf9-fe25cb406dd7}</UniqueIdentifier>
    </Filter>
    <Filter Include="Header Files\Tiles">
      <UniqueIdentifier>{d4186aaa-b777-45d2-9f99-806e7363d387}</UniqueIdentifier>
    </Filter>
    <Filter Include="Source Files\World">
      <UniqueIdentifier>{1c09e551-e0fb-4126-aa2f-2e61d189638c}</UniqueIdentifier>
    </Filter>
    <Filter Include="Header Files\World">
      <UniqueIdentifier>{f20ee43d-3bd9-4bce-b6a2-ba8f25485003}</UniqueIdentifier>
    </Filter>
    <Filter Include="Header Files\Entities">
      <UniqueIdentifier>{9ca4e299-8a8c-4254-aef0-ed07aadda803}</UniqueIdentifier>
    </Filter>
    <Filter Include="Source Files\Entities">
      <UniqueIdentifier>{b7088bce-94c3-4f95-acbe-5570c2f1d18b}</UniqueIdentifier>
    </Filter>
    <Filter Include="Header Files\Entities\Creatures">
      <UniqueIdentifier>{6c6fbe01-55e2-4c56-a38b-c5c47a9afe78}</UniqueIdentifier>
    </Filter>
    <Filter Include="Source Files\Entities\Creatures">
      <UniqueIdentifier>{c4f0578a-5f15-4f58-9380-1bcf495494ab}</UniqueIdentifier>
    </Filter>
  </ItemGroup>
  <ItemGroup>
    <ClCompile Include="main.cpp">
      <Filter>Source Files\Main</Filter>
    </ClCompile>
    <ClCompile Include="Game.cpp">
      <Filter>Source Files\Main</Filter>
    </ClCompile>
    <ClCompile Include="State.cpp">
      <Filter>Source Files\States</Filter>
    </ClCompile>
    <ClCompile Include="MenuState.cpp">
      <Filter>Source Files\States</Filter>
    </ClCompile>
    <ClCompile Include="SoloGameState.cpp">
      <Filter>Source Files\States</Filter>
    </ClCompile>
    <ClCompile Include="Assets.cpp">
      <Filter>Source Files\Graphics</Filter>
    </ClCompile>
    <ClCompile Include="Animation.cpp">
      <Filter>Source Files\Graphics</Filter>
    </ClCompile>
    <ClCompile Include="Button.cpp">
      <Filter>Source Files\Graphics</Filter>
    </ClCompile>
    <ClCompile Include="Mouse.cpp">
      <Filter>Source Files\Input</Filter>
    </ClCompile>
    <ClCompile Include="Tile.cpp">
      <Filter>Source Files\Tiles</Filter>
    </ClCompile>
    <ClCompile Include="FirstLevel.cpp">
      <Filter>Source Files\Tiles</Filter>
    </ClCompile>
    <ClCompile Include="World.cpp">
      <Filter>Source Files\World</Filter>
    </ClCompile>
    <ClCompile Include="Utils.cpp">
      <Filter>Source Files\World</Filter>
    </ClCompile>
    <ClCompile Include="SecondLevel.cpp">
      <Filter>Source Files\Tiles</Filter>
    </ClCompile>
    <ClCompile Include="FirstLevelLeft.cpp">
      <Filter>Source Files\Tiles</Filter>
    </ClCompile>
    <ClCompile Include="FirstLevelRight.cpp">
      <Filter>Source Files\Tiles</Filter>
    </ClCompile>
    <ClCompile Include="SecondLevelLeft.cpp">
      <Filter>Source Files\Tiles</Filter>
    </ClCompile>
    <ClCompile Include="SecondLevelRight.cpp">
      <Filter>Source Files\Tiles</Filter>
    </ClCompile>
    <ClCompile Include="Entity.cpp">
      <Filter>Source Files\Entities</Filter>
    </ClCompile>
    <ClCompile Include="BlankTile.cpp">
      <Filter>Source Files\Tiles</Filter>
    </ClCompile>
    <ClCompile Include="FourthLevel.cpp">
      <Filter>Source Files\Tiles</Filter>
    </ClCompile>
    <ClCompile Include="FourthLevelLeft.cpp">
      <Filter>Source Files\Tiles</Filter>
    </ClCompile>
    <ClCompile Include="FourthLevelRight.cpp">
      <Filter>Source Files\Tiles</Filter>
    </ClCompile>
    <ClCompile Include="ThirdLevel.cpp">
      <Filter>Source Files\Tiles</Filter>
    </ClCompile>
    <ClCompile Include="ThirdLevelLeft.cpp">
      <Filter>Source Files\Tiles</Filter>
    </ClCompile>
    <ClCompile Include="ThirdLevelRight.cpp">
      <Filter>Source Files\Tiles</Filter>
    </ClCompile>
    <ClCompile Include="GameCamera.cpp">
      <Filter>Source Files\Graphics</Filter>
    </ClCompile>
    <ClCompile Include="Creature.cpp">
      <Filter>Source Files\Entities\Creatures</Filter>
    </ClCompile>
    <ClCompile Include="Player.cpp">
      <Filter>Source Files\Entities\Creatures</Filter>
    </ClCompile>
    <ClCompile Include="Points.cpp">
      <Filter>Source Files\Entities</Filter>
    </ClCompile>
    <ClCompile Include="EntityManager.cpp">
      <Filter>Source Files\Entities</Filter>
    </ClCompile>
    <ClCompile Include="MultiplayerState.cpp">
      <Filter>Source Files\States</Filter>
    </ClCompile>
    <ClCompile Include="IpState.cpp">
      <Filter>Source Files\States</Filter>
    </ClCompile>
  </ItemGroup>
  <ItemGroup>
    <ClInclude Include="Game.h">
      <Filter>Header Files\Main</Filter>
    </ClInclude>
    <ClInclude Include="State.h">
      <Filter>Header Files\States</Filter>
    </ClInclude>
    <ClInclude Include="MenuState.h">
      <Filter>Header Files\States</Filter>
    </ClInclude>
    <ClInclude Include="SoloGameState.h">
      <Filter>Header Files\States</Filter>
    </ClInclude>
    <ClInclude Include="Animation.h">
      <Filter>Header Files\Graphics</Filter>
    </ClInclude>
    <ClInclude Include="Assets.h">
      <Filter>Header Files\Graphics</Filter>
    </ClInclude>
    <ClInclude Include="Button.h">
      <Filter>Header Files\Graphics</Filter>
    </ClInclude>
    <ClInclude Include="Mouse.h">
      <Filter>Header Files\Input</Filter>
    </ClInclude>
    <ClInclude Include="Tile.h">
      <Filter>Header Files\Tiles</Filter>
    </ClInclude>
    <ClInclude Include="FirstLevel.h">
      <Filter>Header Files\Tiles</Filter>
    </ClInclude>
    <ClInclude Include="World.h">
      <Filter>Header Files\World</Filter>
    </ClInclude>
    <ClInclude Include="Utils.h">
      <Filter>Header Files\World</Filter>
    </ClInclude>
    <ClInclude Include="SecondLevel.h">
      <Filter>Header Files\Tiles</Filter>
    </ClInclude>
    <ClInclude Include="FirstLevelLeft.h">
      <Filter>Header Files\Tiles</Filter>
    </ClInclude>
    <ClInclude Include="FirstLevelRight.h">
      <Filter>Header Files\Tiles</Filter>
    </ClInclude>
    <ClInclude Include="SecondLevelLeft.h">
      <Filter>Header Files\Tiles</Filter>
    </ClInclude>
    <ClInclude Include="SecondLevelRight.h">
      <Filter>Header Files\Tiles</Filter>
    </ClInclude>
    <ClInclude Include="Entity.h">
      <Filter>Header Files\Entities</Filter>
    </ClInclude>
    <ClInclude Include="BlankTile.h">
      <Filter>Header Files\Tiles</Filter>
    </ClInclude>
    <ClInclude Include="FourthLevel.h">
      <Filter>Header Files\Tiles</Filter>
    </ClInclude>
    <ClInclude Include="FourthLevelLeft.h">
      <Filter>Header Files\Tiles</Filter>
    </ClInclude>
    <ClInclude Include="FourthLevelRight.h">
      <Filter>Header Files\Tiles</Filter>
    </ClInclude>
    <ClInclude Include="ThirdLevel.h">
      <Filter>Header Files\Tiles</Filter>
    </ClInclude>
    <ClInclude Include="ThirdLevelLeft.h">
      <Filter>Header Files\Tiles</Filter>
    </ClInclude>
    <ClInclude Include="ThirdLevelRight.h">
      <Filter>Header Files\Tiles</Filter>
    </ClInclude>
    <ClInclude Include="GameCamera.h">
      <Filter>Header Files\Graphics</Filter>
    </ClInclude>
    <ClInclude Include="Points.h">
      <Filter>Header Files\Entities</Filter>
    </ClInclude>
    <ClInclude Include="Creature.h">
      <Filter>Header Files\Entities\Creatures</Filter>
    </ClInclude>
    <ClInclude Include="Player.h">
      <Filter>Header Files\Entities\Creatures</Filter>
    </ClInclude>
    <ClInclude Include="EntityManager.h">
      <Filter>Header Files\Entities</Filter>
    </ClInclude>
    <ClInclude Include="MultiplayerState.h">
      <Filter>Header Files\States</Filter>
    </ClInclude>
    <ClInclude Include="IpState.h">
      <Filter>Header Files\States</Filter>
    </ClInclude>
  </ItemGroup>
</Project>